// !$*UTF8*$!
{
	archiveVersion = 1;
	classes = {
	};
	objectVersion = 46;
	objects = {

/* Begin PBXBuildFile section */
		7CE15EF91C2224A20000CFF0 /* KiwaBookExternalModuleConnector.h in CopyFiles */ = {isa = PBXBuildFile; fileRef = 7CE15EF81C2224A20000CFF0 /* KiwaBookExternalModuleConnector.h */; };
		7CE15EFB1C2224A20000CFF0 /* KiwaBookExternalModuleConnector.m in Sources */ = {isa = PBXBuildFile; fileRef = 7CE15EFA1C2224A20000CFF0 /* KiwaBookExternalModuleConnector.m */; };
		7CE15F0E1C27785F0000CFF0 /* KiwaBookExternalModuleConnector.h in Headers */ = {isa = PBXBuildFile; fileRef = 7CE15EF81C2224A20000CFF0 /* KiwaBookExternalModuleConnector.h */; settings = {ATTRIBUTES = (Public, ); }; };
		7CF133A41EE9FE0E00DA2DCF /* KiwaBookEmbedding.h in Headers */ = {isa = PBXBuildFile; fileRef = 7CF133A31EE9FE0E00DA2DCF /* KiwaBookEmbedding.h */; settings = {ATTRIBUTES = (Public, ); }; };
		7CF133A51EE9FE1400DA2DCF /* KiwaBookEmbeddingDelegate.h in Headers */ = {isa = PBXBuildFile; fileRef = 7CF133A21EE9FDE000DA2DCF /* KiwaBookEmbeddingDelegate.h */; settings = {ATTRIBUTES = (Public, ); }; };
/* End PBXBuildFile section */

/* Begin PBXCopyFilesBuildPhase section */
		7CE15EF31C2224A10000CFF0 /* CopyFiles */ = {
			isa = PBXCopyFilesBuildPhase;
			buildActionMask = 2147483647;
			dstPath = "include/$(PRODUCT_NAME)";
			dstSubfolderSpec = 16;
			files = (
				7CE15EF91C2224A20000CFF0 /* KiwaBookExternalModuleConnector.h in CopyFiles */,
			);
			runOnlyForDeploymentPostprocessing = 0;
		};
/* End PBXCopyFilesBuildPhase section */

/* Begin PBXFileReference section */
		7CE15EF51C2224A20000CFF0 /* libKiwaBookExternalModuleConnector.a */ = {isa = PBXFileReference; explicitFileType = archive.ar; includeInIndex = 0; path = libKiwaBookExternalModuleConnector.a; sourceTree = BUILT_PRODUCTS_DIR; };
		7CE15EF81C2224A20000CFF0 /* KiwaBookExternalModuleConnector.h */ = {isa = PBXFileReference; lastKnownFileType = sourcecode.c.h; path = KiwaBookExternalModuleConnector.h; sourceTree = "<group>"; };
		7CE15EFA1C2224A20000CFF0 /* KiwaBookExternalModuleConnector.m */ = {isa = PBXFileReference; lastKnownFileType = sourcecode.c.objc; path = KiwaBookExternalModuleConnector.m; sourceTree = "<group>"; };
		7CF133A21EE9FDE000DA2DCF /* KiwaBookEmbeddingDelegate.h */ = {isa = PBXFileReference; lastKnownFileType = sourcecode.c.h; path = KiwaBookEmbeddingDelegate.h; sourceTree = "<group>"; };
		7CF133A31EE9FE0E00DA2DCF /* KiwaBookEmbedding.h */ = {isa = PBXFileReference; fileEncoding = 4; lastKnownFileType = sourcecode.c.h; path = KiwaBookEmbedding.h; sourceTree = "<group>"; };
/* End PBXFileReference section */

/* Begin PBXFrameworksBuildPhase section */
		7CE15EF21C2224A10000CFF0 /* Frameworks */ = {
			isa = PBXFrameworksBuildPhase;
			buildActionMask = 2147483647;
			files = (
			);
			runOnlyForDeploymentPostprocessing = 0;
		};
/* End PBXFrameworksBuildPhase section */

/* Begin PBXGroup section */
		7CE15EEC1C2224A10000CFF0 = {
			isa = PBXGroup;
			children = (
				7CE15EF71C2224A20000CFF0 /* KiwaBookExternalModuleConnector */,
				7CE15EF61C2224A20000CFF0 /* Products */,
			);
			sourceTree = "<group>";
		};
		7CE15EF61C2224A20000CFF0 /* Products */ = {
			isa = PBXGroup;
			children = (
				7CE15EF51C2224A20000CFF0 /* libKiwaBookExternalModuleConnector.a */,
			);
			name = Products;
			sourceTree = "<group>";
		};
		7CE15EF71C2224A20000CFF0 /* KiwaBookExternalModuleConnector */ = {
			isa = PBXGroup;
			children = (
				7CE15EF81C2224A20000CFF0 /* KiwaBookExternalModuleConnector.h */,
				7CE15EFA1C2224A20000CFF0 /* KiwaBookExternalModuleConnector.m */,
				7CF133A21EE9FDE000DA2DCF /* KiwaBookEmbeddingDelegate.h */,
				7CF133A31EE9FE0E00DA2DCF /* KiwaBookEmbedding.h */,
			);
			path = KiwaBookExternalModuleConnector;
			sourceTree = "<group>";
		};
/* End PBXGroup section */

/* Begin PBXHeadersBuildPhase section */
		7CE15F0D1C2778580000CFF0 /* Headers */ = {
			isa = PBXHeadersBuildPhase;
			buildActionMask = 2147483647;
			files = (
				7CE15F0E1C27785F0000CFF0 /* KiwaBookExternalModuleConnector.h in Headers */,
				7CF133A41EE9FE0E00DA2DCF /* KiwaBookEmbedding.h in Headers */,
				7CF133A51EE9FE1400DA2DCF /* KiwaBookEmbeddingDelegate.h in Headers */,
			);
			runOnlyForDeploymentPostprocessing = 0;
		};
/* End PBXHeadersBuildPhase section */

/* Begin PBXNativeTarget section */
		7CE15EF41C2224A10000CFF0 /* KiwaBookExternalModuleConnector */ = {
			isa = PBXNativeTarget;
			buildConfigurationList = 7CE15EFE1C2224A20000CFF0 /* Build configuration list for PBXNativeTarget "KiwaBookExternalModuleConnector" */;
			buildPhases = (
				7CE15EF11C2224A10000CFF0 /* Sources */,
				7CE15EF21C2224A10000CFF0 /* Frameworks */,
				7CE15EF31C2224A10000CFF0 /* CopyFiles */,
				7CE15F0D1C2778580000CFF0 /* Headers */,
			);
			buildRules = (
			);
			dependencies = (
			);
			name = KiwaBookExternalModuleConnector;
			productName = KiwaBookExternalModuleConnector;
			productReference = 7CE15EF51C2224A20000CFF0 /* libKiwaBookExternalModuleConnector.a */;
			productType = "com.apple.product-type.library.static";
		};
/* End PBXNativeTarget section */

/* Begin PBXProject section */
		7CE15EED1C2224A10000CFF0 /* Project object */ = {
			isa = PBXProject;
			attributes = {
				LastUpgradeCheck = 0710;
				ORGANIZATIONNAME = Kiwa;
				TargetAttributes = {
					7CE15EF41C2224A10000CFF0 = {
						CreatedOnToolsVersion = 7.1;
					};
				};
			};
			buildConfigurationList = 7CE15EF01C2224A10000CFF0 /* Build configuration list for PBXProject "KiwaBookExternalModuleConnector" */;
			compatibilityVersion = "Xcode 3.2";
			developmentRegion = English;
			hasScannedForEncodings = 0;
			knownRegions = (
				en,
			);
			mainGroup = 7CE15EEC1C2224A10000CFF0;
			productRefGroup = 7CE15EF61C2224A20000CFF0 /* Products */;
			projectDirPath = "";
			projectRoot = "";
			targets = (
				7CE15EF41C2224A10000CFF0 /* KiwaBookExternalModuleConnector */,
			);
		};
/* End PBXProject section */

/* Begin PBXSourcesBuildPhase section */
		7CE15EF11C2224A10000CFF0 /* Sources */ = {
			isa = PBXSourcesBuildPhase;
			buildActionMask = 2147483647;
			files = (
				7CE15EFB1C2224A20000CFF0 /* KiwaBookExternalModuleConnector.m in Sources */,
			);
			runOnlyForDeploymentPostprocessing = 0;
		};
/* End PBXSourcesBuildPhase section */

/* Begin XCBuildConfiguration section */
		7CE15EFC1C2224A20000CFF0 /* Debug */ = {
			isa = XCBuildConfiguration;
			buildSettings = {
				ALWAYS_SEARCH_USER_PATHS = NO;
				CLANG_CXX_LANGUAGE_STANDARD = "gnu++0x";
				CLANG_CXX_LIBRARY = "libc++";
				CLANG_ENABLE_MODULES = YES;
				CLANG_ENABLE_OBJC_ARC = YES;
				CLANG_WARN_BOOL_CONVERSION = YES;
				CLANG_WARN_CONSTANT_CONVERSION = YES;
				CLANG_WARN_DIRECT_OBJC_ISA_USAGE = YES_ERROR;
				CLANG_WARN_EMPTY_BODY = YES;
				CLANG_WARN_ENUM_CONVERSION = YES;
				CLANG_WARN_INT_CONVERSION = YES;
				CLANG_WARN_OBJC_ROOT_CLASS = YES_ERROR;
				CLANG_WARN_UNREACHABLE_CODE = YES;
				CLANG_WARN__DUPLICATE_METHOD_MATCH = YES;
				"CODE_SIGN_IDENTITY[sdk=iphoneos*]" = "iPhone Developer";
				COPY_PHASE_STRIP = NO;
				DEBUG_INFORMATION_FORMAT = dwarf;
				ENABLE_STRICT_OBJC_MSGSEND = YES;
				ENABLE_TESTABILITY = YES;
				GCC_C_LANGUAGE_STANDARD = gnu99;
				GCC_DYNAMIC_NO_PIC = NO;
				GCC_NO_COMMON_BLOCKS = YES;
				GCC_OPTIMIZATION_LEVEL = 0;
				GCC_PREPROCESSOR_DEFINITIONS = (
					"DEBUG=1",
					"$(inherited)",
				);
				GCC_WARN_64_TO_32_BIT_CONVERSION = YES;
				GCC_WARN_ABOUT_RETURN_TYPE = YES_ERROR;
				GCC_WARN_UNDECLARED_SELECTOR = YES;
				GCC_WARN_UNINITIALIZED_AUTOS = YES_AGGRESSIVE;
				GCC_WARN_UNUSED_FUNCTION = YES;
				GCC_WARN_UNUSED_VARIABLE = YES;
				IPHONEOS_DEPLOYMENT_TARGET = 9.1;
				MTL_ENABLE_DEBUG_INFO = YES;
				ONLY_ACTIVE_ARCH = YES;
				SDKROOT = iphoneos;
			};
			name = Debug;
		};
		7CE15EFD1C2224A20000CFF0 /* Release */ = {
			isa = XCBuildConfiguration;
			buildSettings = {
				ALWAYS_SEARCH_USER_PATHS = NO;
				CLANG_CXX_LANGUAGE_STANDARD = "gnu++0x";
				CLANG_CXX_LIBRARY = "libc++";
				CLANG_ENABLE_MODULES = YES;
				CLANG_ENABLE_OBJC_ARC = YES;
				CLANG_WARN_BOOL_CONVERSION = YES;
				CLANG_WARN_CONSTANT_CONVERSION = YES;
				CLANG_WARN_DIRECT_OBJC_ISA_USAGE = YES_ERROR;
				CLANG_WARN_EMPTY_BODY = YES;
				CLANG_WARN_ENUM_CONVERSION = YES;
				CLANG_WARN_INT_CONVERSION = YES;
				CLANG_WARN_OBJC_ROOT_CLASS = YES_ERROR;
				CLANG_WARN_UNREACHABLE_CODE = YES;
				CLANG_WARN__DUPLICATE_METHOD_MATCH = YES;
				"CODE_SIGN_IDENTITY[sdk=iphoneos*]" = "iPhone Developer";
				COPY_PHASE_STRIP = NO;
				DEBUG_INFORMATION_FORMAT = "dwarf-with-dsym";
				ENABLE_NS_ASSERTIONS = NO;
				ENABLE_STRICT_OBJC_MSGSEND = YES;
				GCC_C_LANGUAGE_STANDARD = gnu99;
				GCC_NO_COMMON_BLOCKS = YES;
				GCC_WARN_64_TO_32_BIT_CONVERSION = YES;
				GCC_WARN_ABOUT_RETURN_TYPE = YES_ERROR;
				GCC_WARN_UNDECLARED_SELECTOR = YES;
				GCC_WARN_UNINITIALIZED_AUTOS = YES_AGGRESSIVE;
				GCC_WARN_UNUSED_FUNCTION = YES;
				GCC_WARN_UNUSED_VARIABLE = YES;
				IPHONEOS_DEPLOYMENT_TARGET = 9.1;
				MTL_ENABLE_DEBUG_INFO = NO;
				SDKROOT = iphoneos;
				VALIDATE_PRODUCT = YES;
			};
			name = Release;
		};
		7CE15EFF1C2224A20000CFF0 /* Debug */ = {
			isa = XCBuildConfiguration;
			buildSettings = {
				OTHER_LDFLAGS = "-ObjC";
				PRODUCT_NAME = "$(TARGET_NAME)";
				SKIP_INSTALL = YES;
			};
			name = Debug;
		};
		7CE15F001C2224A20000CFF0 /* Release */ = {
			isa = XCBuildConfiguration;
			buildSettings = {
				OTHER_LDFLAGS = "-ObjC";
				PRODUCT_NAME = "$(TARGET_NAME)";
				SKIP_INSTALL = YES;
			};
			name = Release;
		};
/* End XCBuildConfiguration section */

/* Begin XCConfigurationList section */
		7CE15EF01C2224A10000CFF0 /* Build configuration list for PBXProject "KiwaBookExternalModuleConnector" */ = {
			isa = XCConfigurationList;
			buildConfigurations = (
				7CE15EFC1C2224A20000CFF0 /* Debug */,
				7CE15EFD1C2224A20000CFF0 /* Release */,
			);
			defaultConfigurationIsVisible = 0;
			defaultConfigurationName = Release;
		};
		7CE15EFE1C2224A20000CFF0 /* Build configuration list for PBXNativeTarget "KiwaBookExternalModuleConnector" */ = {
			isa = XCConfigurationList;
			buildConfigurations = (
				7CE15EFF1C2224A20000CFF0 /* Debug */,
				7CE15F001C2224A20000CFF0 /* Release */,
			);
			defaultConfigurationIsVisible = 0;
			defaultConfigurationName = Release;
		};
/* End XCConfigurationList section */
	};
	rootObject = 7CE15EED1C2224A10000CFF0 /* Project object */;
}
